
Microsoft Visual Studio Solution File, Format Version 12.00
# Visual Studio Version 17
VisualStudioVersion = 17.14.36310.24
MinimumVisualStudioVersion = 10.0.40219.1
Project("{FAE04EC0-301F-11D3-BF4B-00C04F79EFBC}") = "rieltor_web_api", "rieltor_web_api\rieltor_web_api.csproj", "{8E0FEF12-6554-4A5D-B959-761994EB23CE}"
EndProject
Project("{FAE04EC0-301F-11D3-BF4B-00C04F79EFBC}") = "AgencyStore.Core", "AgencyStore.Core\AgencyStore.Core.csproj", "{A06DA853-9794-4CD8-98BD-140695807942}"
EndProject
Project("{FAE04EC0-301F-11D3-BF4B-00C04F79EFBC}") = "PropertyStore.DataAccess", "PropertyStore.DataAccess\PropertyStore.DataAccess.csproj", "{8341572D-7904-4268-8680-B821101BF215}"
EndProject
Project("{FAE04EC0-301F-11D3-BF4B-00C04F79EFBC}") = "PropertyStore.Application", "PropertyStore.Application\PropertyStore.Application.csproj", "{4884BCED-AB15-4ABD-9B39-AABCA353EF7E}"
EndProject
Global
	GlobalSection(SolutionConfigurationPlatforms) = preSolution
		Debug|Any CPU = Debug|Any CPU
		Release|Any CPU = Release|Any CPU
	EndGlobalSection
	GlobalSection(ProjectConfigurationPlatforms) = postSolution
		{8E0FEF12-6554-4A5D-B959-761994EB23CE}.Debug|Any CPU.ActiveCfg = Debug|Any CPU
		{8E0FEF12-6554-4A5D-B959-761994EB23CE}.Debug|Any CPU.Build.0 = Debug|Any CPU
		{8E0FEF12-6554-4A5D-B959-761994EB23CE}.Release|Any CPU.ActiveCfg = Release|Any CPU
		{8E0FEF12-6554-4A5D-B959-761994EB23CE}.Release|Any CPU.Build.0 = Release|Any CPU
		{A06DA853-9794-4CD8-98BD-140695807942}.Debug|Any CPU.ActiveCfg = Debug|Any CPU
		{A06DA853-9794-4CD8-98BD-140695807942}.Debug|Any CPU.Build.0 = Debug|Any CPU
		{A06DA853-9794-4CD8-98BD-140695807942}.Release|Any CPU.ActiveCfg = Release|Any CPU
		{A06DA853-9794-4CD8-98BD-140695807942}.Release|Any CPU.Build.0 = Release|Any CPU
		{8341572D-7904-4268-8680-B821101BF215}.Debug|Any CPU.ActiveCfg = Debug|Any CPU
		{8341572D-7904-4268-8680-B821101BF215}.Debug|Any CPU.Build.0 = Debug|Any CPU
		{8341572D-7904-4268-8680-B821101BF215}.Release|Any CPU.ActiveCfg = Release|Any CPU
		{8341572D-7904-4268-8680-B821101BF215}.Release|Any CPU.Build.0 = Release|Any CPU
		{4884BCED-AB15-4ABD-9B39-AABCA353EF7E}.Debug|Any CPU.ActiveCfg = Debug|Any CPU
		{4884BCED-AB15-4ABD-9B39-AABCA353EF7E}.Debug|Any CPU.Build.0 = Debug|Any CPU
		{4884BCED-AB15-4ABD-9B39-AABCA353EF7E}.Release|Any CPU.ActiveCfg = Release|Any CPU
		{4884BCED-AB15-4ABD-9B39-AABCA353EF7E}.Release|Any CPU.Build.0 = Release|Any CPU
	EndGlobalSection
	GlobalSection(SolutionProperties) = preSolution
		HideSolutionNode = FALSE
	EndGlobalSection
	GlobalSection(ExtensibilityGlobals) = postSolution
		SolutionGuid = {550387BC-D518-4BF3-8D48-266F18304B22}
	EndGlobalSection
EndGlobal
